
Microsoft Visual Studio Solution File, Format Version 12.00
# Visual Studio Version 17
VisualStudioVersion = 17.3.32901.215
MinimumVisualStudioVersion = 10.0.40219.1
Project("{FAE04EC0-301F-11D3-BF4B-00C04F79EFBC}") = "AvaliacaoD7", "AvaliacaoD7.csproj", "{03353EBA-CBE8-4D18-AAEA-9EC5B0B96101}"
EndProject
Global
	GlobalSection(SolutionConfigurationPlatforms) = preSolution
		Debug|Any CPU = Debug|Any CPU
		Release|Any CPU = Release|Any CPU
	EndGlobalSection
	GlobalSection(ProjectConfigurationPlatforms) = postSolution
		{03353EBA-CBE8-4D18-AAEA-9EC5B0B96101}.Debug|Any CPU.ActiveCfg = Debug|Any CPU
		{03353EBA-CBE8-4D18-AAEA-9EC5B0B96101}.Debug|Any CPU.Build.0 = Debug|Any CPU
		{03353EBA-CBE8-4D18-AAEA-9EC5B0B96101}.Release|Any CPU.ActiveCfg = Release|Any CPU
		{03353EBA-CBE8-4D18-AAEA-9EC5B0B96101}.Release|Any CPU.Build.0 = Release|Any CPU
	EndGlobalSection
	GlobalSection(SolutionProperties) = preSolution
		HideSolutionNode = FALSE
	EndGlobalSection
	GlobalSection(ExtensibilityGlobals) = postSolution
		SolutionGuid = {E49FFD9E-4C93-46B8-B24B-A3CE4671D078}
	EndGlobalSection
EndGlobal
